// !$*UTF8*$!
{
	archiveVersion = 1;
	classes = {
	};
	objectVersion = 46;
	objects = {

/* Begin PBXBuildFile section */
		F5C8047B1AA078CA0062C90E /* main.m in Sources */ = {isa = PBXBuildFile; fileRef = F5C8047A1AA078CA0062C90E /* main.m */; };
		F5C8047E1AA078CA0062C90E /* ARTAppDelegate.m in Sources */ = {isa = PBXBuildFile; fileRef = F5C8047D1AA078CA0062C90E /* ARTAppDelegate.m */; };
		F5C804811AA078CA0062C90E /* ARTViewController.m in Sources */ = {isa = PBXBuildFile; fileRef = F5C804801AA078CA0062C90E /* ARTViewController.m */; };
		F5C804841AA078CA0062C90E /* Main.storyboard in Resources */ = {isa = PBXBuildFile; fileRef = F5C804821AA078CA0062C90E /* Main.storyboard */; };
		F5C804861AA078CA0062C90E /* Images.xcassets in Resources */ = {isa = PBXBuildFile; fileRef = F5C804851AA078CA0062C90E /* Images.xcassets */; };
		F5C804891AA078CA0062C90E /* LaunchScreen.xib in Resources */ = {isa = PBXBuildFile; fileRef = F5C804871AA078CA0062C90E /* LaunchScreen.xib */; };
		F5C804BC1AA07A3A0062C90E /* ARTAnimatedGif.m in Sources */ = {isa = PBXBuildFile; fileRef = F5C804BB1AA07A3A0062C90E /* ARTAnimatedGif.m */; };
		F5C804BF1AA07B0E0062C90E /* libAnimatedGif.a in Frameworks */ = {isa = PBXBuildFile; fileRef = F5C804A21AA078EF0062C90E /* libAnimatedGif.a */; };
		F5C804C21AA07B7C0062C90E /* ARTGifImageView.m in Sources */ = {isa = PBXBuildFile; fileRef = F5C804C11AA07B7C0062C90E /* ARTGifImageView.m */; };
		F5C804C71AA07D110062C90E /* ARTGifDecoder.m in Sources */ = {isa = PBXBuildFile; fileRef = F5C804C61AA07D110062C90E /* ARTGifDecoder.m */; };
		F5C804CA1AA07D700062C90E /* ARTAnimatedGifFrame.m in Sources */ = {isa = PBXBuildFile; fileRef = F5C804C91AA07D700062C90E /* ARTAnimatedGifFrame.m */; };
		F5C804CF1AA0806E0062C90E /* ARTAnimatedGif.h in CopyFiles */ = {isa = PBXBuildFile; fileRef = F5C804BA1AA07A3A0062C90E /* ARTAnimatedGif.h */; };
		F5C804D01AA0806E0062C90E /* ARTGifImageView.h in CopyFiles */ = {isa = PBXBuildFile; fileRef = F5C804C01AA07B7C0062C90E /* ARTGifImageView.h */; };
		F5C804D61AA0829E0062C90E /* apple_jumps.gif in Resources */ = {isa = PBXBuildFile; fileRef = F5C804D51AA0829E0062C90E /* apple_jumps.gif */; };
		F5C804D91AA0869C0062C90E /* ARTDataStream.m in Sources */ = {isa = PBXBuildFile; fileRef = F5C804D81AA0869C0062C90E /* ARTDataStream.m */; };
/* End PBXBuildFile section */

/* Begin PBXContainerItemProxy section */
		F5C804BD1AA07B090062C90E /* PBXContainerItemProxy */ = {
			isa = PBXContainerItemProxy;
			containerPortal = F5C8046D1AA078CA0062C90E /* Project object */;
			proxyType = 1;
			remoteGlobalIDString = F5C804A11AA078EF0062C90E;
			remoteInfo = AnimatedGif;
		};
/* End PBXContainerItemProxy section */

/* Begin PBXCopyFilesBuildPhase section */
		F5C804A01AA078EF0062C90E /* CopyFiles */ = {
			isa = PBXCopyFilesBuildPhase;
			buildActionMask = 2147483647;
			dstPath = "$(PRODUCT_NAME)";
			dstSubfolderSpec = 16;
			files = (
				F5C804CF1AA0806E0062C90E /* ARTAnimatedGif.h in CopyFiles */,
				F5C804D01AA0806E0062C90E /* ARTGifImageView.h in CopyFiles */,
			);
			runOnlyForDeploymentPostprocessing = 0;
		};
/* End PBXCopyFilesBuildPhase section */

/* Begin PBXFileReference section */
		F5C804751AA078CA0062C90E /* AnimatedGifExample.app */ = {isa = PBXFileReference; explicitFileType = wrapper.application; includeInIndex = 0; path = AnimatedGifExample.app; sourceTree = BUILT_PRODUCTS_DIR; };
		F5C804791AA078CA0062C90E /* Info.plist */ = {isa = PBXFileReference; lastKnownFileType = text.plist.xml; path = Info.plist; sourceTree = "<group>"; };
		F5C8047A1AA078CA0062C90E /* main.m */ = {isa = PBXFileReference; lastKnownFileType = sourcecode.c.objc; path = main.m; sourceTree = "<group>"; };
		F5C8047C1AA078CA0062C90E /* ARTAppDelegate.h */ = {isa = PBXFileReference; lastKnownFileType = sourcecode.c.h; path = ARTAppDelegate.h; sourceTree = "<group>"; };
		F5C8047D1AA078CA0062C90E /* ARTAppDelegate.m */ = {isa = PBXFileReference; lastKnownFileType = sourcecode.c.objc; path = ARTAppDelegate.m; sourceTree = "<group>"; };
		F5C8047F1AA078CA0062C90E /* ARTViewController.h */ = {isa = PBXFileReference; lastKnownFileType = sourcecode.c.h; path = ARTViewController.h; sourceTree = "<group>"; };
		F5C804801AA078CA0062C90E /* ARTViewController.m */ = {isa = PBXFileReference; lastKnownFileType = sourcecode.c.objc; path = ARTViewController.m; sourceTree = "<group>"; };
		F5C804831AA078CA0062C90E /* Base */ = {isa = PBXFileReference; lastKnownFileType = file.storyboard; name = Base; path = Base.lproj/Main.storyboard; sourceTree = "<group>"; };
		F5C804851AA078CA0062C90E /* Images.xcassets */ = {isa = PBXFileReference; lastKnownFileType = folder.assetcatalog; path = Images.xcassets; sourceTree = "<group>"; };
		F5C804881AA078CA0062C90E /* Base */ = {isa = PBXFileReference; lastKnownFileType = file.xib; name = Base; path = Base.lproj/LaunchScreen.xib; sourceTree = "<group>"; };
		F5C804A21AA078EF0062C90E /* libAnimatedGif.a */ = {isa = PBXFileReference; explicitFileType = archive.ar; includeInIndex = 0; path = libAnimatedGif.a; sourceTree = BUILT_PRODUCTS_DIR; };
		F5C804BA1AA07A3A0062C90E /* ARTAnimatedGif.h */ = {isa = PBXFileReference; fileEncoding = 4; lastKnownFileType = sourcecode.c.h; path = ARTAnimatedGif.h; sourceTree = "<group>"; };
		F5C804BB1AA07A3A0062C90E /* ARTAnimatedGif.m */ = {isa = PBXFileReference; fileEncoding = 4; lastKnownFileType = sourcecode.c.objc; path = ARTAnimatedGif.m; sourceTree = "<group>"; };
		F5C804C01AA07B7C0062C90E /* ARTGifImageView.h */ = {isa = PBXFileReference; fileEncoding = 4; lastKnownFileType = sourcecode.c.h; path = ARTGifImageView.h; sourceTree = "<group>"; };
		F5C804C11AA07B7C0062C90E /* ARTGifImageView.m */ = {isa = PBXFileReference; fileEncoding = 4; lastKnownFileType = sourcecode.c.objc; path = ARTGifImageView.m; sourceTree = "<group>"; };
		F5C804C51AA07D110062C90E /* ARTGifDecoder.h */ = {isa = PBXFileReference; fileEncoding = 4; lastKnownFileType = sourcecode.c.h; path = ARTGifDecoder.h; sourceTree = "<group>"; };
		F5C804C61AA07D110062C90E /* ARTGifDecoder.m */ = {isa = PBXFileReference; fileEncoding = 4; lastKnownFileType = sourcecode.c.objc; path = ARTGifDecoder.m; sourceTree = "<group>"; };
		F5C804C81AA07D700062C90E /* ARTAnimatedGifFrame.h */ = {isa = PBXFileReference; fileEncoding = 4; lastKnownFileType = sourcecode.c.h; path = ARTAnimatedGifFrame.h; sourceTree = "<group>"; };
		F5C804C91AA07D700062C90E /* ARTAnimatedGifFrame.m */ = {isa = PBXFileReference; fileEncoding = 4; lastKnownFileType = sourcecode.c.objc; path = ARTAnimatedGifFrame.m; sourceTree = "<group>"; };
		F5C804D51AA0829E0062C90E /* apple_jumps.gif */ = {isa = PBXFileReference; lastKnownFileType = image.gif; path = apple_jumps.gif; sourceTree = "<group>"; };
		F5C804D71AA0869C0062C90E /* ARTDataStream.h */ = {isa = PBXFileReference; fileEncoding = 4; lastKnownFileType = sourcecode.c.h; path = ARTDataStream.h; sourceTree = "<group>"; };
		F5C804D81AA0869C0062C90E /* ARTDataStream.m */ = {isa = PBXFileReference; fileEncoding = 4; lastKnownFileType = sourcecode.c.objc; path = ARTDataStream.m; sourceTree = "<group>"; };
/* End PBXFileReference section */

/* Begin PBXFrameworksBuildPhase section */
		F5C804721AA078CA0062C90E /* Frameworks */ = {
			isa = PBXFrameworksBuildPhase;
			buildActionMask = 2147483647;
			files = (
				F5C804BF1AA07B0E0062C90E /* libAnimatedGif.a in Frameworks */,
			);
			runOnlyForDeploymentPostprocessing = 0;
		};
		F5C8049F1AA078EF0062C90E /* Frameworks */ = {
			isa = PBXFrameworksBuildPhase;
			buildActionMask = 2147483647;
			files = (
			);
			runOnlyForDeploymentPostprocessing = 0;
		};
/* End PBXFrameworksBuildPhase section */

/* Begin PBXGroup section */
		F5C8046C1AA078CA0062C90E = {
			isa = PBXGroup;
			children = (
				F5C804771AA078CA0062C90E /* Example */,
				F5C804B91AA07A3A0062C90E /* Library */,
				F5C804761AA078CA0062C90E /* Products */,
			);
			sourceTree = "<group>";
		};
		F5C804761AA078CA0062C90E /* Products */ = {
			isa = PBXGroup;
			children = (
				F5C804751AA078CA0062C90E /* AnimatedGifExample.app */,
				F5C804A21AA078EF0062C90E /* libAnimatedGif.a */,
			);
			name = Products;
			sourceTree = "<group>";
		};
		F5C804771AA078CA0062C90E /* Example */ = {
			isa = PBXGroup;
			children = (
				F5C8047C1AA078CA0062C90E /* ARTAppDelegate.h */,
				F5C8047D1AA078CA0062C90E /* ARTAppDelegate.m */,
				F5C8047F1AA078CA0062C90E /* ARTViewController.h */,
				F5C804801AA078CA0062C90E /* ARTViewController.m */,
				F5C804821AA078CA0062C90E /* Main.storyboard */,
				F5C804851AA078CA0062C90E /* Images.xcassets */,
				F5C804871AA078CA0062C90E /* LaunchScreen.xib */,
				F5C804D41AA0829E0062C90E /* Resources */,
				F5C804781AA078CA0062C90E /* Supporting Files */,
			);
			path = Example;
			sourceTree = "<group>";
		};
		F5C804781AA078CA0062C90E /* Supporting Files */ = {
			isa = PBXGroup;
			children = (
				F5C804791AA078CA0062C90E /* Info.plist */,
				F5C8047A1AA078CA0062C90E /* main.m */,
			);
			name = "Supporting Files";
			sourceTree = "<group>";
		};
		F5C804B91AA07A3A0062C90E /* Library */ = {
			isa = PBXGroup;
			children = (
				F5C804C31AA07CDB0062C90E /* Public */,
				F5C804C41AA07CE50062C90E /* Private */,
			);
			path = Library;
			sourceTree = "<group>";
		};
		F5C804C31AA07CDB0062C90E /* Public */ = {
			isa = PBXGroup;
			children = (
				F5C804BA1AA07A3A0062C90E /* ARTAnimatedGif.h */,
				F5C804C01AA07B7C0062C90E /* ARTGifImageView.h */,
			);
			name = Public;
			sourceTree = "<group>";
		};
		F5C804C41AA07CE50062C90E /* Private */ = {
			isa = PBXGroup;
			children = (
				F5C804CB1AA07DBC0062C90E /* Decoder */,
				F5C804BB1AA07A3A0062C90E /* ARTAnimatedGif.m */,
				F5C804C11AA07B7C0062C90E /* ARTGifImageView.m */,
			);
			name = Private;
			sourceTree = "<group>";
		};
		F5C804CB1AA07DBC0062C90E /* Decoder */ = {
			isa = PBXGroup;
			children = (
				F5C804C81AA07D700062C90E /* ARTAnimatedGifFrame.h */,
				F5C804C91AA07D700062C90E /* ARTAnimatedGifFrame.m */,
				F5C804C51AA07D110062C90E /* ARTGifDecoder.h */,
				F5C804C61AA07D110062C90E /* ARTGifDecoder.m */,
				F5C804D71AA0869C0062C90E /* ARTDataStream.h */,
				F5C804D81AA0869C0062C90E /* ARTDataStream.m */,
			);
			name = Decoder;
			sourceTree = "<group>";
		};
		F5C804D41AA0829E0062C90E /* Resources */ = {
			isa = PBXGroup;
			children = (
				F5C804D51AA0829E0062C90E /* apple_jumps.gif */,
			);
			path = Resources;
			sourceTree = "<group>";
		};
/* End PBXGroup section */

/* Begin PBXNativeTarget section */
		F5C804741AA078CA0062C90E /* AnimatedGifExample */ = {
			isa = PBXNativeTarget;
			buildConfigurationList = F5C804981AA078CA0062C90E /* Build configuration list for PBXNativeTarget "AnimatedGifExample" */;
			buildPhases = (
				F5C804711AA078CA0062C90E /* Sources */,
				F5C804721AA078CA0062C90E /* Frameworks */,
				F5C804731AA078CA0062C90E /* Resources */,
			);
			buildRules = (
			);
			dependencies = (
				F5C804BE1AA07B090062C90E /* PBXTargetDependency */,
			);
			name = AnimatedGifExample;
			productName = AnimatedGif;
			productReference = F5C804751AA078CA0062C90E /* AnimatedGifExample.app */;
			productType = "com.apple.product-type.application";
		};
		F5C804A11AA078EF0062C90E /* AnimatedGif */ = {
			isa = PBXNativeTarget;
			buildConfigurationList = F5C804B31AA078F00062C90E /* Build configuration list for PBXNativeTarget "AnimatedGif" */;
			buildPhases = (
				F5C8049E1AA078EF0062C90E /* Sources */,
				F5C8049F1AA078EF0062C90E /* Frameworks */,
				F5C804A01AA078EF0062C90E /* CopyFiles */,
			);
			buildRules = (
			);
			dependencies = (
			);
			name = AnimatedGif;
			productName = AnimatedGif;
			productReference = F5C804A21AA078EF0062C90E /* libAnimatedGif.a */;
			productType = "com.apple.product-type.library.static";
		};
/* End PBXNativeTarget section */

/* Begin PBXProject section */
		F5C8046D1AA078CA0062C90E /* Project object */ = {
			isa = PBXProject;
			attributes = {
				LastUpgradeCheck = 0610;
				ORGANIZATIONNAME = "Arturo Gutierrez";
				TargetAttributes = {
					F5C804741AA078CA0062C90E = {
						CreatedOnToolsVersion = 6.1.1;
					};
					F5C804A11AA078EF0062C90E = {
						CreatedOnToolsVersion = 6.1.1;
					};
				};
			};
			buildConfigurationList = F5C804701AA078CA0062C90E /* Build configuration list for PBXProject "AnimatedGif" */;
			compatibilityVersion = "Xcode 3.2";
			developmentRegion = English;
			hasScannedForEncodings = 0;
			knownRegions = (
				en,
				Base,
			);
			mainGroup = F5C8046C1AA078CA0062C90E;
			productRefGroup = F5C804761AA078CA0062C90E /* Products */;
			projectDirPath = "";
			projectRoot = "";
			targets = (
				F5C804741AA078CA0062C90E /* AnimatedGifExample */,
				F5C804A11AA078EF0062C90E /* AnimatedGif */,
			);
		};
/* End PBXProject section */

/* Begin PBXResourcesBuildPhase section */
		F5C804731AA078CA0062C90E /* Resources */ = {
			isa = PBXResourcesBuildPhase;
			buildActionMask = 2147483647;
			files = (
				F5C804841AA078CA0062C90E /* Main.storyboard in Resources */,
				F5C804891AA078CA0062C90E /* LaunchScreen.xib in Resources */,
				F5C804861AA078CA0062C90E /* Images.xcassets in Resources */,
				F5C804D61AA0829E0062C90E /* apple_jumps.gif in Resources */,
			);
			runOnlyForDeploymentPostprocessing = 0;
		};
/* End PBXResourcesBuildPhase section */

/* Begin PBXSourcesBuildPhase section */
		F5C804711AA078CA0062C90E /* Sources */ = {
			isa = PBXSourcesBuildPhase;
			buildActionMask = 2147483647;
			files = (
				F5C804811AA078CA0062C90E /* ARTViewController.m in Sources */,
				F5C8047E1AA078CA0062C90E /* ARTAppDelegate.m in Sources */,
				F5C8047B1AA078CA0062C90E /* main.m in Sources */,
				F5C804D91AA0869C0062C90E /* ARTDataStream.m in Sources */,
			);
			runOnlyForDeploymentPostprocessing = 0;
		};
		F5C8049E1AA078EF0062C90E /* Sources */ = {
			isa = PBXSourcesBuildPhase;
			buildActionMask = 2147483647;
			files = (
				F5C804BC1AA07A3A0062C90E /* ARTAnimatedGif.m in Sources */,
				F5C804C21AA07B7C0062C90E /* ARTGifImageView.m in Sources */,
				F5C804C71AA07D110062C90E /* ARTGifDecoder.m in Sources */,
				F5C804CA1AA07D700062C90E /* ARTAnimatedGifFrame.m in Sources */,
			);
			runOnlyForDeploymentPostprocessing = 0;
		};
/* End PBXSourcesBuildPhase section */

/* Begin PBXTargetDependency section */
		F5C804BE1AA07B090062C90E /* PBXTargetDependency */ = {
			isa = PBXTargetDependency;
			target = F5C804A11AA078EF0062C90E /* AnimatedGif */;
			targetProxy = F5C804BD1AA07B090062C90E /* PBXContainerItemProxy */;
		};
/* End PBXTargetDependency section */

/* Begin PBXVariantGroup section */
		F5C804821AA078CA0062C90E /* Main.storyboard */ = {
			isa = PBXVariantGroup;
			children = (
				F5C804831AA078CA0062C90E /* Base */,
			);
			name = Main.storyboard;
			sourceTree = "<group>";
		};
		F5C804871AA078CA0062C90E /* LaunchScreen.xib */ = {
			isa = PBXVariantGroup;
			children = (
				F5C804881AA078CA0062C90E /* Base */,
			);
			name = LaunchScreen.xib;
			sourceTree = "<group>";
		};
/* End PBXVariantGroup section */

/* Begin XCBuildConfiguration section */
		F5C804961AA078CA0062C90E /* Debug */ = {
			isa = XCBuildConfiguration;
			buildSettings = {
				ALWAYS_SEARCH_USER_PATHS = NO;
				CLANG_CXX_LANGUAGE_STANDARD = "gnu++0x";
				CLANG_CXX_LIBRARY = "libc++";
				CLANG_ENABLE_MODULES = YES;
				CLANG_ENABLE_OBJC_ARC = YES;
				CLANG_WARN_BOOL_CONVERSION = YES;
				CLANG_WARN_CONSTANT_CONVERSION = YES;
				CLANG_WARN_DIRECT_OBJC_ISA_USAGE = YES_ERROR;
				CLANG_WARN_EMPTY_BODY = YES;
				CLANG_WARN_ENUM_CONVERSION = YES;
				CLANG_WARN_INT_CONVERSION = YES;
				CLANG_WARN_OBJC_ROOT_CLASS = YES_ERROR;
				CLANG_WARN_UNREACHABLE_CODE = YES;
				CLANG_WARN__DUPLICATE_METHOD_MATCH = YES;
				"CODE_SIGN_IDENTITY[sdk=iphoneos*]" = "iPhone Developer";
				COPY_PHASE_STRIP = NO;
				ENABLE_STRICT_OBJC_MSGSEND = YES;
				GCC_C_LANGUAGE_STANDARD = gnu99;
				GCC_DYNAMIC_NO_PIC = NO;
				GCC_OPTIMIZATION_LEVEL = 0;
				GCC_PREPROCESSOR_DEFINITIONS = (
					"DEBUG=1",
					"$(inherited)",
				);
				GCC_SYMBOLS_PRIVATE_EXTERN = NO;
				GCC_WARN_64_TO_32_BIT_CONVERSION = YES;
				GCC_WARN_ABOUT_RETURN_TYPE = YES_ERROR;
				GCC_WARN_UNDECLARED_SELECTOR = YES;
				GCC_WARN_UNINITIALIZED_AUTOS = YES_AGGRESSIVE;
				GCC_WARN_UNUSED_FUNCTION = YES;
				GCC_WARN_UNUSED_VARIABLE = YES;
				IPHONEOS_DEPLOYMENT_TARGET = 8.1;
				MTL_ENABLE_DEBUG_INFO = YES;
				ONLY_ACTIVE_ARCH = YES;
				SDKROOT = iphoneos;
			};
			name = Debug;
		};
		F5C804971AA078CA0062C90E /* Release */ = {
			isa = XCBuildConfiguration;
			buildSettings = {
				ALWAYS_SEARCH_USER_PATHS = NO;
				CLANG_CXX_LANGUAGE_STANDARD = "gnu++0x";
				CLANG_CXX_LIBRARY = "libc++";
				CLANG_ENABLE_MODULES = YES;
				CLANG_ENABLE_OBJC_ARC = YES;
				CLANG_WARN_BOOL_CONVERSION = YES;
				CLANG_WARN_CONSTANT_CONVERSION = YES;
				CLANG_WARN_DIRECT_OBJC_ISA_USAGE = YES_ERROR;
				CLANG_WARN_EMPTY_BODY = YES;
				CLANG_WARN_ENUM_CONVERSION = YES;
				CLANG_WARN_INT_CONVERSION = YES;
				CLANG_WARN_OBJC_ROOT_CLASS = YES_ERROR;
				CLANG_WARN_UNREACHABLE_CODE = YES;
				CLANG_WARN__DUPLICATE_METHOD_MATCH = YES;
				"CODE_SIGN_IDENTITY[sdk=iphoneos*]" = "iPhone Developer";
				COPY_PHASE_STRIP = YES;
				ENABLE_NS_ASSERTIONS = NO;
				ENABLE_STRICT_OBJC_MSGSEND = YES;
				GCC_C_LANGUAGE_STANDARD = gnu99;
				GCC_WARN_64_TO_32_BIT_CONVERSION = YES;
				GCC_WARN_ABOUT_RETURN_TYPE = YES_ERROR;
				GCC_WARN_UNDECLARED_SELECTOR = YES;
				GCC_WARN_UNINITIALIZED_AUTOS = YES_AGGRESSIVE;
				GCC_WARN_UNUSED_FUNCTION = YES;
				GCC_WARN_UNUSED_VARIABLE = YES;
				IPHONEOS_DEPLOYMENT_TARGET = 8.1;
				MTL_ENABLE_DEBUG_INFO = NO;
				SDKROOT = iphoneos;
				VALIDATE_PRODUCT = YES;
			};
			name = Release;
		};
		F5C804991AA078CA0062C90E /* Debug */ = {
			isa = XCBuildConfiguration;
			buildSettings = {
				ASSETCATALOG_COMPILER_APPICON_NAME = AppIcon;
				INFOPLIST_FILE = Example/Info.plist;
				IPHONEOS_DEPLOYMENT_TARGET = 8.1;
				LD_RUNPATH_SEARCH_PATHS = "$(inherited) @executable_path/Frameworks";
				PRODUCT_NAME = "$(TARGET_NAME)";
				USER_HEADER_SEARCH_PATHS = "$(PROJECT_DIR)/Library";
			};
			name = Debug;
		};
		F5C8049A1AA078CA0062C90E /* Release */ = {
			isa = XCBuildConfiguration;
			buildSettings = {
				ASSETCATALOG_COMPILER_APPICON_NAME = AppIcon;
				INFOPLIST_FILE = Example/Info.plist;
				IPHONEOS_DEPLOYMENT_TARGET = 8.1;
				LD_RUNPATH_SEARCH_PATHS = "$(inherited) @executable_path/Frameworks";
				PRODUCT_NAME = "$(TARGET_NAME)";
				USER_HEADER_SEARCH_PATHS = "$(PROJECT_DIR)/Library";
			};
			name = Release;
		};
		F5C804B41AA078F00062C90E /* Debug */ = {
			isa = XCBuildConfiguration;
			buildSettings = {
				GCC_PREPROCESSOR_DEFINITIONS = (
					"DEBUG=1",
					"$(inherited)",
				);
				OTHER_LDFLAGS = "-ObjC";
				PRODUCT_NAME = "$(TARGET_NAME)";
				SKIP_INSTALL = YES;
			};
			name = Debug;
		};
		F5C804B51AA078F00062C90E /* Release */ = {
			isa = XCBuildConfiguration;
			buildSettings = {
				OTHER_LDFLAGS = "-ObjC";
				PRODUCT_NAME = "$(TARGET_NAME)";
				SKIP_INSTALL = YES;
			};
			name = Release;
		};
/* End XCBuildConfiguration section */

/* Begin XCConfigurationList section */
		F5C804701AA078CA0062C90E /* Build configuration list for PBXProject "AnimatedGif" */ = {
			isa = XCConfigurationList;
			buildConfigurations = (
				F5C804961AA078CA0062C90E /* Debug */,
				F5C804971AA078CA0062C90E /* Release */,
			);
			defaultConfigurationIsVisible = 0;
			defaultConfigurationName = Release;
		};
		F5C804981AA078CA0062C90E /* Build configuration list for PBXNativeTarget "AnimatedGifExample" */ = {
			isa = XCConfigurationList;
			buildConfigurations = (
				F5C804991AA078CA0062C90E /* Debug */,
				F5C8049A1AA078CA0062C90E /* Release */,
			);
			defaultConfigurationIsVisible = 0;
			defaultConfigurationName = Release;
		};
		F5C804B31AA078F00062C90E /* Build configuration list for PBXNativeTarget "AnimatedGif" */ = {
			isa = XCConfigurationList;
			buildConfigurations = (
				F5C804B41AA078F00062C90E /* Debug */,
				F5C804B51AA078F00062C90E /* Release */,
			);
			defaultConfigurationIsVisible = 0;
		};
/* End XCConfigurationList section */
	};
	rootObject = F5C8046D1AA078CA0062C90E /* Project object */;
}
